
Microsoft Visual Studio Solution File, Format Version 12.00
# Visual Studio Version 17
VisualStudioVersion = 17.4.33122.133
MinimumVisualStudioVersion = 10.0.40219.1
Project("{FAE04EC0-301F-11D3-BF4B-00C04F79EFBC}") = "YourHealthHistory", "YourHealthHistory\YourHealthHistory.csproj", "{02BD5189-5F7A-4859-9CA4-7BE4502BF2DC}"
EndProject
Global
	GlobalSection(SolutionConfigurationPlatforms) = preSolution
		Debug|Any CPU = Debug|Any CPU
		Release|Any CPU = Release|Any CPU
	EndGlobalSection
	GlobalSection(ProjectConfigurationPlatforms) = postSolution
		{02BD5189-5F7A-4859-9CA4-7BE4502BF2DC}.Debug|Any CPU.ActiveCfg = Debug|Any CPU
		{02BD5189-5F7A-4859-9CA4-7BE4502BF2DC}.Debug|Any CPU.Build.0 = Debug|Any CPU
		{02BD5189-5F7A-4859-9CA4-7BE4502BF2DC}.Release|Any CPU.ActiveCfg = Release|Any CPU
		{02BD5189-5F7A-4859-9CA4-7BE4502BF2DC}.Release|Any CPU.Build.0 = Release|Any CPU
	EndGlobalSection
	GlobalSection(SolutionProperties) = preSolution
		HideSolutionNode = FALSE
	EndGlobalSection
	GlobalSection(ExtensibilityGlobals) = postSolution
		SolutionGuid = {8C075CCD-2E6A-4CA5-9647-4371AAC3D9A3}
	EndGlobalSection
EndGlobal
